
Microsoft Visual Studio Solution File, Format Version 12.00
# Visual Studio 15
VisualStudioVersion = 15.0.27130.0
MinimumVisualStudioVersion = 10.0.40219.1
Project("{8BC9CEB8-8B4A-11D0-8D11-00A0C91BC942}") = "curl-mt4", "curl-mt4\curl-mt4.vcxproj", "{FE241902-A71A-435B-A2F2-AF3ACB497DF9}"
EndProject
Project("{8BC9CEB8-8B4A-11D0-8D11-00A0C91BC942}") = "curl-mt4-test", "curl-mt4-test\curl-mt4-test.vcxproj", "{AAAAAAAA-A71A-435B-A2F2-AF3ACB49AAAA}"
EndProject
Project("{8BC9CEB8-8B4A-11D0-8D11-00A0C91BC942}") = "curl-debug", "curl-debug\curl-debug.vcxproj", "{12FFC4DA-3EDE-464F-AB23-C4C22030963C}"
EndProject
Project("{8BC9CEB8-8B4A-11D0-8D11-00A0C91BC942}") = "curl-save", "curl-save\curl-save.vcxproj", "{FEEEEEEE-A71A-435B-A2F2-AF3ACB49EEEE}"
EndProject
Project("{8BC9CEB8-8B4A-11D0-8D11-00A0C91BC942}") = "curl-mt4-testdll", "curl-mt4-testdll\curl-mt4-testdll.vcxproj", "{F1111111-A71A-435B-A2F2-AF3A11111111}"
EndProject
Global
	GlobalSection(SolutionConfigurationPlatforms) = preSolution
		Debug DLL|x64 = Debug DLL|x64
		Debug DLL|x86 = Debug DLL|x86
		Debug LIB|x64 = Debug LIB|x64
		Debug LIB|x86 = Debug LIB|x86
		Release DLL|x64 = Release DLL|x64
		Release DLL|x86 = Release DLL|x86
		Release LIB|x64 = Release LIB|x64
		Release LIB|x86 = Release LIB|x86
	EndGlobalSection
	GlobalSection(ProjectConfigurationPlatforms) = postSolution
		{FE241902-A71A-435B-A2F2-AF3ACB497DF9}.Debug DLL|x64.ActiveCfg = Debug DLL|x64
		{FE241902-A71A-435B-A2F2-AF3ACB497DF9}.Debug DLL|x64.Build.0 = Debug DLL|x64
		{FE241902-A71A-435B-A2F2-AF3ACB497DF9}.Debug DLL|x86.ActiveCfg = Debug DLL|Win32
		{FE241902-A71A-435B-A2F2-AF3ACB497DF9}.Debug DLL|x86.Build.0 = Debug DLL|Win32
		{FE241902-A71A-435B-A2F2-AF3ACB497DF9}.Debug LIB|x64.ActiveCfg = Debug LIB|x64
		{FE241902-A71A-435B-A2F2-AF3ACB497DF9}.Debug LIB|x64.Build.0 = Debug LIB|x64
		{FE241902-A71A-435B-A2F2-AF3ACB497DF9}.Debug LIB|x86.ActiveCfg = Debug LIB|Win32
		{FE241902-A71A-435B-A2F2-AF3ACB497DF9}.Debug LIB|x86.Build.0 = Debug LIB|Win32
		{FE241902-A71A-435B-A2F2-AF3ACB497DF9}.Release DLL|x64.ActiveCfg = Release DLL|x64
		{FE241902-A71A-435B-A2F2-AF3ACB497DF9}.Release DLL|x64.Build.0 = Release DLL|x64
		{FE241902-A71A-435B-A2F2-AF3ACB497DF9}.Release DLL|x86.ActiveCfg = Release DLL|Win32
		{FE241902-A71A-435B-A2F2-AF3ACB497DF9}.Release DLL|x86.Build.0 = Release DLL|Win32
		{FE241902-A71A-435B-A2F2-AF3ACB497DF9}.Release LIB|x64.ActiveCfg = Release LIB|x64
		{FE241902-A71A-435B-A2F2-AF3ACB497DF9}.Release LIB|x64.Build.0 = Release LIB|x64
		{FE241902-A71A-435B-A2F2-AF3ACB497DF9}.Release LIB|x86.ActiveCfg = Release LIB|Win32
		{FE241902-A71A-435B-A2F2-AF3ACB497DF9}.Release LIB|x86.Build.0 = Release LIB|Win32
		{AAAAAAAA-A71A-435B-A2F2-AF3ACB49AAAA}.Debug DLL|x64.ActiveCfg = Debug DLL|x64
		{AAAAAAAA-A71A-435B-A2F2-AF3ACB49AAAA}.Debug DLL|x64.Build.0 = Debug DLL|x64
		{AAAAAAAA-A71A-435B-A2F2-AF3ACB49AAAA}.Debug DLL|x86.ActiveCfg = Debug DLL|Win32
		{AAAAAAAA-A71A-435B-A2F2-AF3ACB49AAAA}.Debug DLL|x86.Build.0 = Debug DLL|Win32
		{AAAAAAAA-A71A-435B-A2F2-AF3ACB49AAAA}.Debug LIB|x64.ActiveCfg = Debug LIB|x64
		{AAAAAAAA-A71A-435B-A2F2-AF3ACB49AAAA}.Debug LIB|x64.Build.0 = Debug LIB|x64
		{AAAAAAAA-A71A-435B-A2F2-AF3ACB49AAAA}.Debug LIB|x86.ActiveCfg = Debug LIB|Win32
		{AAAAAAAA-A71A-435B-A2F2-AF3ACB49AAAA}.Debug LIB|x86.Build.0 = Debug LIB|Win32
		{AAAAAAAA-A71A-435B-A2F2-AF3ACB49AAAA}.Release DLL|x64.ActiveCfg = Release DLL|x64
		{AAAAAAAA-A71A-435B-A2F2-AF3ACB49AAAA}.Release DLL|x64.Build.0 = Release DLL|x64
		{AAAAAAAA-A71A-435B-A2F2-AF3ACB49AAAA}.Release DLL|x86.ActiveCfg = Release DLL|Win32
		{AAAAAAAA-A71A-435B-A2F2-AF3ACB49AAAA}.Release DLL|x86.Build.0 = Release DLL|Win32
		{AAAAAAAA-A71A-435B-A2F2-AF3ACB49AAAA}.Release LIB|x64.ActiveCfg = Release LIB|x64
		{AAAAAAAA-A71A-435B-A2F2-AF3ACB49AAAA}.Release LIB|x64.Build.0 = Release LIB|x64
		{AAAAAAAA-A71A-435B-A2F2-AF3ACB49AAAA}.Release LIB|x86.ActiveCfg = Release LIB|Win32
		{AAAAAAAA-A71A-435B-A2F2-AF3ACB49AAAA}.Release LIB|x86.Build.0 = Release LIB|Win32
		{12FFC4DA-3EDE-464F-AB23-C4C22030963C}.Debug DLL|x64.ActiveCfg = Debug DLL|x64
		{12FFC4DA-3EDE-464F-AB23-C4C22030963C}.Debug DLL|x64.Build.0 = Debug DLL|x64
		{12FFC4DA-3EDE-464F-AB23-C4C22030963C}.Debug DLL|x86.ActiveCfg = Debug DLL|Win32
		{12FFC4DA-3EDE-464F-AB23-C4C22030963C}.Debug DLL|x86.Build.0 = Debug DLL|Win32
		{12FFC4DA-3EDE-464F-AB23-C4C22030963C}.Debug LIB|x64.ActiveCfg = Debug LIB|x64
		{12FFC4DA-3EDE-464F-AB23-C4C22030963C}.Debug LIB|x64.Build.0 = Debug LIB|x64
		{12FFC4DA-3EDE-464F-AB23-C4C22030963C}.Debug LIB|x86.ActiveCfg = Debug LIB|Win32
		{12FFC4DA-3EDE-464F-AB23-C4C22030963C}.Debug LIB|x86.Build.0 = Debug LIB|Win32
		{12FFC4DA-3EDE-464F-AB23-C4C22030963C}.Release DLL|x64.ActiveCfg = Release DLL|x64
		{12FFC4DA-3EDE-464F-AB23-C4C22030963C}.Release DLL|x64.Build.0 = Release DLL|x64
		{12FFC4DA-3EDE-464F-AB23-C4C22030963C}.Release DLL|x86.ActiveCfg = Release DLL|Win32
		{12FFC4DA-3EDE-464F-AB23-C4C22030963C}.Release DLL|x86.Build.0 = Release DLL|Win32
		{12FFC4DA-3EDE-464F-AB23-C4C22030963C}.Release LIB|x64.ActiveCfg = Release LIB|x64
		{12FFC4DA-3EDE-464F-AB23-C4C22030963C}.Release LIB|x64.Build.0 = Release LIB|x64
		{12FFC4DA-3EDE-464F-AB23-C4C22030963C}.Release LIB|x86.ActiveCfg = Release LIB|Win32
		{12FFC4DA-3EDE-464F-AB23-C4C22030963C}.Release LIB|x86.Build.0 = Release LIB|Win32
		{FEEEEEEE-A71A-435B-A2F2-AF3ACB49EEEE}.Debug DLL|x64.ActiveCfg = Debug DLL|x64
		{FEEEEEEE-A71A-435B-A2F2-AF3ACB49EEEE}.Debug DLL|x64.Build.0 = Debug DLL|x64
		{FEEEEEEE-A71A-435B-A2F2-AF3ACB49EEEE}.Debug DLL|x86.ActiveCfg = Debug DLL|Win32
		{FEEEEEEE-A71A-435B-A2F2-AF3ACB49EEEE}.Debug DLL|x86.Build.0 = Debug DLL|Win32
		{FEEEEEEE-A71A-435B-A2F2-AF3ACB49EEEE}.Debug LIB|x64.ActiveCfg = Debug LIB|x64
		{FEEEEEEE-A71A-435B-A2F2-AF3ACB49EEEE}.Debug LIB|x64.Build.0 = Debug LIB|x64
		{FEEEEEEE-A71A-435B-A2F2-AF3ACB49EEEE}.Debug LIB|x86.ActiveCfg = Debug LIB|Win32
		{FEEEEEEE-A71A-435B-A2F2-AF3ACB49EEEE}.Debug LIB|x86.Build.0 = Debug LIB|Win32
		{FEEEEEEE-A71A-435B-A2F2-AF3ACB49EEEE}.Release DLL|x64.ActiveCfg = Release DLL|x64
		{FEEEEEEE-A71A-435B-A2F2-AF3ACB49EEEE}.Release DLL|x64.Build.0 = Release DLL|x64
		{FEEEEEEE-A71A-435B-A2F2-AF3ACB49EEEE}.Release DLL|x86.ActiveCfg = Release DLL|Win32
		{FEEEEEEE-A71A-435B-A2F2-AF3ACB49EEEE}.Release DLL|x86.Build.0 = Release DLL|Win32
		{FEEEEEEE-A71A-435B-A2F2-AF3ACB49EEEE}.Release LIB|x64.ActiveCfg = Release LIB|x64
		{FEEEEEEE-A71A-435B-A2F2-AF3ACB49EEEE}.Release LIB|x64.Build.0 = Release LIB|x64
		{FEEEEEEE-A71A-435B-A2F2-AF3ACB49EEEE}.Release LIB|x86.ActiveCfg = Release LIB|Win32
		{FEEEEEEE-A71A-435B-A2F2-AF3ACB49EEEE}.Release LIB|x86.Build.0 = Release LIB|Win32
		{F1111111-A71A-435B-A2F2-AF3A11111111}.Debug DLL|x64.ActiveCfg = Debug DLL|x64
		{F1111111-A71A-435B-A2F2-AF3A11111111}.Debug DLL|x64.Build.0 = Debug DLL|x64
		{F1111111-A71A-435B-A2F2-AF3A11111111}.Debug DLL|x86.ActiveCfg = Debug DLL|Win32
		{F1111111-A71A-435B-A2F2-AF3A11111111}.Debug DLL|x86.Build.0 = Debug DLL|Win32
		{F1111111-A71A-435B-A2F2-AF3A11111111}.Debug LIB|x64.ActiveCfg = Debug LIB|x64
		{F1111111-A71A-435B-A2F2-AF3A11111111}.Debug LIB|x64.Build.0 = Debug LIB|x64
		{F1111111-A71A-435B-A2F2-AF3A11111111}.Debug LIB|x86.ActiveCfg = Debug LIB|Win32
		{F1111111-A71A-435B-A2F2-AF3A11111111}.Debug LIB|x86.Build.0 = Debug LIB|Win32
		{F1111111-A71A-435B-A2F2-AF3A11111111}.Release DLL|x64.ActiveCfg = Release DLL|x64
		{F1111111-A71A-435B-A2F2-AF3A11111111}.Release DLL|x64.Build.0 = Release DLL|x64
		{F1111111-A71A-435B-A2F2-AF3A11111111}.Release DLL|x86.ActiveCfg = Release DLL|Win32
		{F1111111-A71A-435B-A2F2-AF3A11111111}.Release DLL|x86.Build.0 = Release DLL|Win32
		{F1111111-A71A-435B-A2F2-AF3A11111111}.Release LIB|x64.ActiveCfg = Release LIB|x64
		{F1111111-A71A-435B-A2F2-AF3A11111111}.Release LIB|x64.Build.0 = Release LIB|x64
		{F1111111-A71A-435B-A2F2-AF3A11111111}.Release LIB|x86.ActiveCfg = Release LIB|Win32
		{F1111111-A71A-435B-A2F2-AF3A11111111}.Release LIB|x86.Build.0 = Release LIB|Win32
	EndGlobalSection
	GlobalSection(SolutionProperties) = preSolution
		HideSolutionNode = FALSE
	EndGlobalSection
	GlobalSection(ExtensibilityGlobals) = postSolution
		SolutionGuid = {D39E0D68-A549-4CA1-9327-D5A5E635B8D7}
	EndGlobalSection
EndGlobal
